{
    "_readme": [
        "This file locks the dependencies of your project to a known state",
        "Read more about it at https://getcomposer.org/doc/01-basic-usage.md#installing-dependencies",
        "This file is @generated automatically"
    ],
    "content-hash": "7de454512add9a6cb7d2c77ebb8a9eb9",
    "packages": [
        {
            "name": "knplabs/knp-snappy",
            "version": "v0.5.0",
            "source": {
                "type": "git",
                "url": "https://github.com/KnpLabs/snappy.git",
                "reference": "370da31fa92a8e583e34558c589e630647617a38"
            },
            "dist": {
                "type": "zip",
                "url": "https://api.github.com/repos/KnpLabs/snappy/zipball/370da31fa92a8e583e34558c589e630647617a38",
                "reference": "370da31fa92a8e583e34558c589e630647617a38",
                "shasum": ""
            },
            "require": {
                "php": ">=5.6",
                "symfony/process": "~2.3|~3.0"
            },
            "require-dev": {
                "phpunit/phpunit": "~4.7"
            },
            "suggest": {
                "h4cc/wkhtmltoimage-amd64": "Provides wkhtmltoimage-amd64 binary for Linux-compatible machines, use version `~0.12` as dependency",
                "h4cc/wkhtmltoimage-i386": "Provides wkhtmltoimage-i386 binary for Linux-compatible machines, use version `~0.12` as dependency",
                "h4cc/wkhtmltopdf-amd64": "Provides wkhtmltopdf-amd64 binary for Linux-compatible machines, use version `~0.12` as dependency",
                "h4cc/wkhtmltopdf-i386": "Provides wkhtmltopdf-i386 binary for Linux-compatible machines, use version `~0.12` as dependency",
                "wemersonjanuario/wkhtmltopdf-windows": "Provides wkhtmltopdf executable for Windows, use version `~0.12` as dependency"
            },
            "type": "library",
            "extra": {
                "branch-alias": {
                    "dev-master": "0.5.x-dev"
                }
            },
            "autoload": {
                "psr-4": {
                    "Knp\\Snappy\\": "src/Knp/Snappy"
                }
            },
            "notification-url": "https://packagist.org/downloads/",
            "license": [
                "MIT"
            ],
            "authors": [
                {
                    "name": "KnpLabs Team",
                    "homepage": "http://knplabs.com"
                },
                {
                    "name": "Symfony Community",
                    "homepage": "http://github.com/KnpLabs/snappy/contributors"
                }
            ],
            "description": "PHP5 library allowing thumbnail, snapshot or PDF generation from a url or a html page. Wrapper for wkhtmltopdf/wkhtmltoimage.",
            "homepage": "http://github.com/KnpLabs/snappy",
            "keywords": [
                "knp",
                "knplabs",
                "pdf",
                "snapshot",
                "thumbnail",
                "wkhtmltopdf"
            ],
            "time": "2017-06-16T07:50:40+00:00"
        },
        {
            "name": "symfony/process",
            "version": "v3.4.40",
            "source": {
                "type": "git",
                "url": "https://github.com/symfony/process.git",
                "reference": "f5104c9dcbc2cfad45d01d5150c1da9836967271"
            },
            "dist": {
                "type": "zip",
                "url": "https://api.github.com/repos/symfony/process/zipball/f5104c9dcbc2cfad45d01d5150c1da9836967271",
                "reference": "f5104c9dcbc2cfad45d01d5150c1da9836967271",
                "shasum": ""
            },
            "require": {
                "php": "^5.5.9|>=7.0.8"
            },
            "type": "library",
            "extra": {
                "branch-alias": {
                    "dev-master": "3.4-dev"
                }
            },
            "autoload": {
                "psr-4": {
                    "Symfony\\Component\\Process\\": ""
                },
                "exclude-from-classmap": [
                    "/Tests/"
                ]
            },
            "notification-url": "https://packagist.org/downloads/",
            "license": [
                "MIT"
            ],
            "authors": [
                {
                    "name": "Fabien Potencier",
                    "email": "fabien@symfony.com"
                },
                {
                    "name": "Symfony Community",
                    "homepage": "https://symfony.com/contributors"
                }
            ],
            "description": "Symfony Process Component",
            "homepage": "https://symfony.com",
            "funding": [
                {
                    "url": "https://symfony.com/sponsor",
                    "type": "custom"
                },
                {
                    "url": "https://github.com/fabpot",
                    "type": "github"
                },
                {
                    "url": "https://tidelift.com/funding/github/packagist/symfony/symfony",
                    "type": "tidelift"
                }
            ],
            "time": "2020-04-12T14:33:46+00:00"
        }
    ],
    "packages-dev": [],
    "aliases": [],
    "minimum-stability": "stable",
    "stability-flags": [],
    "prefer-stable": false,
    "prefer-lowest": false,
    "platform": [],
    "platform-dev": [],
    "plugin-api-version": "1.1.0"
}
